{
  "name": "eth-keygen",
  "version": "1.0.1",
  "lockfileVersion": 1,
  "requires": true,
  "dependencies": {
    "sha3-wasm": {
      "version": "1.0.0",
      "resolved": "https://registry.npmjs.org/sha3-wasm/-/sha3-wasm-1.0.0.tgz",
      "integrity": "sha512-yX0ULD3VD8U80YlM+6FapExy9uzYBpEOZzXRHwdhJn/+3PBbKhRHiNhknBqmMkW110zglXrJoZ52gtRbDGK4tg==",
      "requires": {
        "nanoassert": "^2.0.0"
      },
      "dependencies": {
        "nanoassert": {
          "version": "2.0.0",
          "resolved": "https://registry.npmjs.org/nanoassert/-/nanoassert-2.0.0.tgz",
          "integrity": "sha512-7vO7n28+aYO4J+8w96AzhmU8G+Y/xpPDJz/se19ICsqj/momRbb9mh9ZUtkoJ5X3nTnPdhEJyc0qnM6yAsHBaA=="
        }
      }
    }
  }
}
